
Microsoft Visual Studio Solution File, Format Version 12.00
# Visual Studio 15
VisualStudioVersion = 15.0.26430.6
MinimumVisualStudioVersion = 10.0.40219.1
Project("{8BC9CEB8-8B4A-11D0-8D11-00A0C91BC942}") = "RayTracer", "RayTracer\RayTracer.vcxproj", "{F980427A-D18F-4FE3-813F-8328406BE5DF}"
EndProject
Global
	GlobalSection(SolutionConfigurationPlatforms) = preSolution
		Debug|x64 = Debug|x64
		Debug|x86 = Debug|x86
		Debug-Clang|x64 = Debug-Clang|x64
		Debug-Clang|x86 = Debug-Clang|x86
		FastDebug|x64 = FastDebug|x64
		FastDebug|x86 = FastDebug|x86
		Release|x64 = Release|x64
		Release|x86 = Release|x86
	EndGlobalSection
	GlobalSection(ProjectConfigurationPlatforms) = postSolution
		{F980427A-D18F-4FE3-813F-8328406BE5DF}.Debug|x64.ActiveCfg = Debug|x64
		{F980427A-D18F-4FE3-813F-8328406BE5DF}.Debug|x64.Build.0 = Debug|x64
		{F980427A-D18F-4FE3-813F-8328406BE5DF}.Debug|x86.ActiveCfg = Debug|Win32
		{F980427A-D18F-4FE3-813F-8328406BE5DF}.Debug|x86.Build.0 = Debug|Win32
		{F980427A-D18F-4FE3-813F-8328406BE5DF}.Debug-Clang|x64.ActiveCfg = Debug-Clang|x64
		{F980427A-D18F-4FE3-813F-8328406BE5DF}.Debug-Clang|x64.Build.0 = Debug-Clang|x64
		{F980427A-D18F-4FE3-813F-8328406BE5DF}.Debug-Clang|x86.ActiveCfg = Debug-Clang|Win32
		{F980427A-D18F-4FE3-813F-8328406BE5DF}.Debug-Clang|x86.Build.0 = Debug-Clang|Win32
		{F980427A-D18F-4FE3-813F-8328406BE5DF}.FastDebug|x64.ActiveCfg = FastDebug|x64
		{F980427A-D18F-4FE3-813F-8328406BE5DF}.FastDebug|x64.Build.0 = FastDebug|x64
		{F980427A-D18F-4FE3-813F-8328406BE5DF}.FastDebug|x86.ActiveCfg = FastDebug|Win32
		{F980427A-D18F-4FE3-813F-8328406BE5DF}.FastDebug|x86.Build.0 = FastDebug|Win32
		{F980427A-D18F-4FE3-813F-8328406BE5DF}.Release|x64.ActiveCfg = Release|x64
		{F980427A-D18F-4FE3-813F-8328406BE5DF}.Release|x64.Build.0 = Release|x64
		{F980427A-D18F-4FE3-813F-8328406BE5DF}.Release|x86.ActiveCfg = Release|Win32
		{F980427A-D18F-4FE3-813F-8328406BE5DF}.Release|x86.Build.0 = Release|Win32
	EndGlobalSection
	GlobalSection(SolutionProperties) = preSolution
		HideSolutionNode = FALSE
	EndGlobalSection
EndGlobal
